// !$*UTF8*$!
{
	archiveVersion = 1;
	classes = {
	};
	objectVersion = 46;
	objects = {

/* Begin PBXBuildFile section */
		073DC4FD1764AA14003615A6 /* LuaScene.cpp in Sources */ = {isa = PBXBuildFile; fileRef = 073DC4FB1764AA14003615A6 /* LuaScene.cpp */; };
		073DC5001764BCE0003615A6 /* LuaObject.cpp in Sources */ = {isa = PBXBuildFile; fileRef = 073DC4F917648758003615A6 /* LuaObject.cpp */; };
		073DC5161764C3E7003615A6 /* crop.png in Resources */ = {isa = PBXBuildFile; fileRef = 073DC5031764C3E7003615A6 /* crop.png */; };
		073DC5171764C3E7003615A6 /* dog.png in Resources */ = {isa = PBXBuildFile; fileRef = 073DC5041764C3E7003615A6 /* dog.png */; };
		073DC5181764C3E7003615A6 /* farm.jpg in Resources */ = {isa = PBXBuildFile; fileRef = 073DC5051764C3E7003615A6 /* farm.jpg */; };
		073DC5191764C3E7003615A6 /* land.png in Resources */ = {isa = PBXBuildFile; fileRef = 073DC5061764C3E7003615A6 /* land.png */; };
		073DC51A1764C3E7003615A6 /* menu1.png in Resources */ = {isa = PBXBuildFile; fileRef = 073DC5071764C3E7003615A6 /* menu1.png */; };
		073DC51B1764C3E7003615A6 /* menu2.png in Resources */ = {isa = PBXBuildFile; fileRef = 073DC5081764C3E7003615A6 /* menu2.png */; };
		073DC51C1764C3E7003615A6 /* desert.tsx in Resources */ = {isa = PBXBuildFile; fileRef = 073DC50A1764C3E7003615A6 /* desert.tsx */; };
		073DC51D1764C3E7003615A6 /* sample.tmx in Resources */ = {isa = PBXBuildFile; fileRef = 073DC50B1764C3E7003615A6 /* sample.tmx */; };
		073DC51E1764C3E7003615A6 /* tmw_desert_spacing.png in Resources */ = {isa = PBXBuildFile; fileRef = 073DC50C1764C3E7003615A6 /* tmw_desert_spacing.png */; };
		073DC51F1764C3E7003615A6 /* background.mp3 in Resources */ = {isa = PBXBuildFile; fileRef = 073DC50E1764C3E7003615A6 /* background.mp3 */; };
		073DC5201764C3E7003615A6 /* background.ogg in Resources */ = {isa = PBXBuildFile; fileRef = 073DC50F1764C3E7003615A6 /* background.ogg */; };
		073DC5211764C3E7003615A6 /* hello.lua in Resources */ = {isa = PBXBuildFile; fileRef = 073DC5111764C3E7003615A6 /* hello.lua */; };
		073DC5221764C3E7003615A6 /* hello2.lua in Resources */ = {isa = PBXBuildFile; fileRef = 073DC5121764C3E7003615A6 /* hello2.lua */; };
		073DC5231764C3E7003615A6 /* title.lua in Resources */ = {isa = PBXBuildFile; fileRef = 073DC5131764C3E7003615A6 /* title.lua */; };
		073DC5241764C3E7003615A6 /* effect1.wav in Resources */ = {isa = PBXBuildFile; fileRef = 073DC5151764C3E7003615A6 /* effect1.wav */; };
		077C41391759105700024FE7 /* TactiX-Info.plist in Resources */ = {isa = PBXBuildFile; fileRef = 077C41381759105700024FE7 /* TactiX-Info.plist */; };
		077C413A175910E600024FE7 /* libcocos2dx.a in Frameworks */ = {isa = PBXBuildFile; fileRef = 077C41371759101600024FE7 /* libcocos2dx.a */; };
		077C41CD1759151A00024FE7 /* CDAudioManager.m in Sources */ = {isa = PBXBuildFile; fileRef = 077C41611759151A00024FE7 /* CDAudioManager.m */; };
		077C41CE1759151A00024FE7 /* CDOpenALSupport.m in Sources */ = {isa = PBXBuildFile; fileRef = 077C41641759151A00024FE7 /* CDOpenALSupport.m */; };
		077C41CF1759151A00024FE7 /* CocosDenshion.m in Sources */ = {isa = PBXBuildFile; fileRef = 077C41661759151A00024FE7 /* CocosDenshion.m */; };
		077C41D01759151A00024FE7 /* SimpleAudioEngine.mm in Sources */ = {isa = PBXBuildFile; fileRef = 077C41671759151A00024FE7 /* SimpleAudioEngine.mm */; };
		077C41D11759151A00024FE7 /* SimpleAudioEngine_objc.m in Sources */ = {isa = PBXBuildFile; fileRef = 077C41691759151A00024FE7 /* SimpleAudioEngine_objc.m */; };
		077C433C1759157900024FE7 /* CCLuaBridge.cpp in Sources */ = {isa = PBXBuildFile; fileRef = 077C41FC1759157800024FE7 /* CCLuaBridge.cpp */; };
		077C433D1759157900024FE7 /* CCLuaEngine.cpp in Sources */ = {isa = PBXBuildFile; fileRef = 077C41FE1759157800024FE7 /* CCLuaEngine.cpp */; };
		077C433E1759157900024FE7 /* CCLuaStack.cpp in Sources */ = {isa = PBXBuildFile; fileRef = 077C42001759157800024FE7 /* CCLuaStack.cpp */; };
		077C433F1759157900024FE7 /* CCLuaValue.cpp in Sources */ = {isa = PBXBuildFile; fileRef = 077C42021759157800024FE7 /* CCLuaValue.cpp */; };
		077C43401759157900024FE7 /* Cocos2dxLuaLoader.cpp in Sources */ = {isa = PBXBuildFile; fileRef = 077C42041759157800024FE7 /* Cocos2dxLuaLoader.cpp */; };
		077C43411759157900024FE7 /* LuaCocos2d.cpp in Sources */ = {isa = PBXBuildFile; fileRef = 077C42061759157800024FE7 /* LuaCocos2d.cpp */; };
		077C43421759157900024FE7 /* CCLuaObjcBridge.mm in Sources */ = {isa = PBXBuildFile; fileRef = 077C420B1759157800024FE7 /* CCLuaObjcBridge.mm */; };
		077C43431759157900024FE7 /* tolua_fix.c in Sources */ = {isa = PBXBuildFile; fileRef = 077C420C1759157800024FE7 /* tolua_fix.c */; };
		077C43441759157900024FE7 /* lapi.c in Sources */ = {isa = PBXBuildFile; fileRef = 077C420F1759157800024FE7 /* lapi.c */; };
		077C43451759157900024FE7 /* lauxlib.c in Sources */ = {isa = PBXBuildFile; fileRef = 077C42111759157800024FE7 /* lauxlib.c */; };
		077C43461759157900024FE7 /* lbaselib.c in Sources */ = {isa = PBXBuildFile; fileRef = 077C42131759157800024FE7 /* lbaselib.c */; };
		077C43471759157900024FE7 /* lcode.c in Sources */ = {isa = PBXBuildFile; fileRef = 077C42141759157800024FE7 /* lcode.c */; };
		077C43481759157900024FE7 /* ldblib.c in Sources */ = {isa = PBXBuildFile; fileRef = 077C42161759157800024FE7 /* ldblib.c */; };
		077C43491759157900024FE7 /* ldebug.c in Sources */ = {isa = PBXBuildFile; fileRef = 077C42171759157800024FE7 /* ldebug.c */; };
		077C434A1759157900024FE7 /* ldo.c in Sources */ = {isa = PBXBuildFile; fileRef = 077C42191759157800024FE7 /* ldo.c */; };
		077C434B1759157900024FE7 /* ldump.c in Sources */ = {isa = PBXBuildFile; fileRef = 077C421B1759157800024FE7 /* ldump.c */; };
		077C434C1759157900024FE7 /* lfunc.c in Sources */ = {isa = PBXBuildFile; fileRef = 077C421C1759157800024FE7 /* lfunc.c */; };
		077C434D1759157900024FE7 /* lgc.c in Sources */ = {isa = PBXBuildFile; fileRef = 077C421E1759157800024FE7 /* lgc.c */; };
		077C434E1759157900024FE7 /* linit.c in Sources */ = {isa = PBXBuildFile; fileRef = 077C42201759157800024FE7 /* linit.c */; };
		077C434F1759157900024FE7 /* liolib.c in Sources */ = {isa = PBXBuildFile; fileRef = 077C42211759157800024FE7 /* liolib.c */; };
		077C43501759157900024FE7 /* llex.c in Sources */ = {isa = PBXBuildFile; fileRef = 077C42221759157800024FE7 /* llex.c */; };
		077C43511759157900024FE7 /* lmathlib.c in Sources */ = {isa = PBXBuildFile; fileRef = 077C42251759157800024FE7 /* lmathlib.c */; };
		077C43521759157900024FE7 /* lmem.c in Sources */ = {isa = PBXBuildFile; fileRef = 077C42261759157800024FE7 /* lmem.c */; };
		077C43531759157900024FE7 /* loadlib.c in Sources */ = {isa = PBXBuildFile; fileRef = 077C42281759157800024FE7 /* loadlib.c */; };
		077C43541759157900024FE7 /* lobject.c in Sources */ = {isa = PBXBuildFile; fileRef = 077C42291759157800024FE7 /* lobject.c */; };
		077C43551759157900024FE7 /* lopcodes.c in Sources */ = {isa = PBXBuildFile; fileRef = 077C422B1759157800024FE7 /* lopcodes.c */; };
		077C43561759157900024FE7 /* loslib.c in Sources */ = {isa = PBXBuildFile; fileRef = 077C422D1759157800024FE7 /* loslib.c */; };
		077C43571759157900024FE7 /* lparser.c in Sources */ = {isa = PBXBuildFile; fileRef = 077C422E1759157800024FE7 /* lparser.c */; };
		077C43581759157900024FE7 /* lstate.c in Sources */ = {isa = PBXBuildFile; fileRef = 077C42301759157800024FE7 /* lstate.c */; };
		077C43591759157900024FE7 /* lstring.c in Sources */ = {isa = PBXBuildFile; fileRef = 077C42321759157800024FE7 /* lstring.c */; };
		077C435A1759157900024FE7 /* lstrlib.c in Sources */ = {isa = PBXBuildFile; fileRef = 077C42341759157800024FE7 /* lstrlib.c */; };
		077C435B1759157900024FE7 /* ltable.c in Sources */ = {isa = PBXBuildFile; fileRef = 077C42351759157800024FE7 /* ltable.c */; };
		077C435C1759157900024FE7 /* ltablib.c in Sources */ = {isa = PBXBuildFile; fileRef = 077C42371759157800024FE7 /* ltablib.c */; };
		077C435D1759157900024FE7 /* ltm.c in Sources */ = {isa = PBXBuildFile; fileRef = 077C42381759157800024FE7 /* ltm.c */; };
		077C435E1759157900024FE7 /* lua.c in Sources */ = {isa = PBXBuildFile; fileRef = 077C423A1759157800024FE7 /* lua.c */; };
		077C435F1759157900024FE7 /* lundump.c in Sources */ = {isa = PBXBuildFile; fileRef = 077C423E1759157800024FE7 /* lundump.c */; };
		077C43601759157900024FE7 /* lvm.c in Sources */ = {isa = PBXBuildFile; fileRef = 077C42401759157800024FE7 /* lvm.c */; };
		077C43611759157900024FE7 /* lzio.c in Sources */ = {isa = PBXBuildFile; fileRef = 077C42421759157800024FE7 /* lzio.c */; };
		077C43621759157900024FE7 /* print.c in Sources */ = {isa = PBXBuildFile; fileRef = 077C42441759157800024FE7 /* print.c */; };
		077C436A1759157900024FE7 /* libluajit.a in Frameworks */ = {isa = PBXBuildFile; fileRef = 077C42571759157800024FE7 /* libluajit.a */; };
		077C43F01759157A00024FE7 /* tolua_event.c in Sources */ = {isa = PBXBuildFile; fileRef = 077C43361759157900024FE7 /* tolua_event.c */; };
		077C43F11759157A00024FE7 /* tolua_is.c in Sources */ = {isa = PBXBuildFile; fileRef = 077C43381759157900024FE7 /* tolua_is.c */; };
		077C43F21759157A00024FE7 /* tolua_map.c in Sources */ = {isa = PBXBuildFile; fileRef = 077C43391759157900024FE7 /* tolua_map.c */; };
		077C43F31759157A00024FE7 /* tolua_push.c in Sources */ = {isa = PBXBuildFile; fileRef = 077C433A1759157900024FE7 /* tolua_push.c */; };
		077C43F41759157A00024FE7 /* tolua_to.c in Sources */ = {isa = PBXBuildFile; fileRef = 077C433B1759157900024FE7 /* tolua_to.c */; };
		077C43F51759164E00024FE7 /* AVFoundation.framework in Frameworks */ = {isa = PBXBuildFile; fileRef = 781C33B51547F06B00633F88 /* AVFoundation.framework */; };
		077C43F61759165C00024FE7 /* OpenAL.framework in Frameworks */ = {isa = PBXBuildFile; fileRef = 781C33B11547F06B00633F88 /* OpenAL.framework */; };
		077C43F71759167600024FE7 /* AudioToolbox.framework in Frameworks */ = {isa = PBXBuildFile; fileRef = 781C33B31547F06B00633F88 /* AudioToolbox.framework */; };
		1D60589F0D05DD5A006BFB54 /* Foundation.framework in Frameworks */ = {isa = PBXBuildFile; fileRef = 1D30AB110D05D00D00671497 /* Foundation.framework */; };
		1DF5F4E00D08C38300B7A737 /* UIKit.framework in Frameworks */ = {isa = PBXBuildFile; fileRef = 1DF5F4DF0D08C38300B7A737 /* UIKit.framework */; };
		288765A50DF7441C002DB57D /* CoreGraphics.framework in Frameworks */ = {isa = PBXBuildFile; fileRef = 288765A40DF7441C002DB57D /* CoreGraphics.framework */; };
		BF1373EF128A898400D9F789 /* OpenGLES.framework in Frameworks */ = {isa = PBXBuildFile; fileRef = BF492D4B1289302400A09262 /* OpenGLES.framework */; };
		BF1373F0128A899500D9F789 /* libxml2.dylib in Frameworks */ = {isa = PBXBuildFile; fileRef = BF492C21128924A800A09262 /* libxml2.dylib */; };
		BF1373F1128A899E00D9F789 /* libz.dylib in Frameworks */ = {isa = PBXBuildFile; fileRef = BF492B6912891AC600A09262 /* libz.dylib */; };
		BF13742F128A8E6A00D9F789 /* QuartzCore.framework in Frameworks */ = {isa = PBXBuildFile; fileRef = BF137426128A8E4600D9F789 /* QuartzCore.framework */; };
		BF23D4E7143315EB00657E08 /* AppDelegate.cpp in Sources */ = {isa = PBXBuildFile; fileRef = BF23D4E3143315EB00657E08 /* AppDelegate.cpp */; };
		BF365AA812A103F70050DCF4 /* AppController.mm in Sources */ = {isa = PBXBuildFile; fileRef = BF365AA712A103F70050DCF4 /* AppController.mm */; };
		BF4DE6AD138BB89600CF907D /* RootViewController.mm in Sources */ = {isa = PBXBuildFile; fileRef = BF4DE6AC138BB89600CF907D /* RootViewController.mm */; };
		D446FD79161028E9000ADA7B /* Default.png in Resources */ = {isa = PBXBuildFile; fileRef = D446FD78161028E9000ADA7B /* Default.png */; };
		D446FD7B161028ED000ADA7B /* Default@2x.png in Resources */ = {isa = PBXBuildFile; fileRef = D446FD7A161028ED000ADA7B /* Default@2x.png */; };
		D446FD7D161028F4000ADA7B /* Default-568h@2x.png in Resources */ = {isa = PBXBuildFile; fileRef = D446FD7C161028F4000ADA7B /* Default-568h@2x.png */; };
		D4ABB4B313B4395300552E6E /* main.m in Sources */ = {isa = PBXBuildFile; fileRef = D4ABB4B213B4395300552E6E /* main.m */; };
		D4EF94E815BD319200D803EB /* Icon-57.png in Resources */ = {isa = PBXBuildFile; fileRef = D4EF94E715BD319200D803EB /* Icon-57.png */; };
		D4EF94EA15BD319500D803EB /* Icon-114.png in Resources */ = {isa = PBXBuildFile; fileRef = D4EF94E915BD319500D803EB /* Icon-114.png */; };
		D4EF94EC15BD319B00D803EB /* Icon-72.png in Resources */ = {isa = PBXBuildFile; fileRef = D4EF94EB15BD319B00D803EB /* Icon-72.png */; };
		D4EF94EE15BD319D00D803EB /* Icon-144.png in Resources */ = {isa = PBXBuildFile; fileRef = D4EF94ED15BD319D00D803EB /* Icon-144.png */; };
/* End PBXBuildFile section */

/* Begin PBXContainerItemProxy section */
		077C41361759101600024FE7 /* PBXContainerItemProxy */ = {
			isa = PBXContainerItemProxy;
			containerPortal = 077C41321759101600024FE7 /* cocos2dx.xcodeproj */;
			proxyType = 2;
			remoteGlobalIDString = 1551A33F158F2AB200E66CFE;
			remoteInfo = cocos2dx;
		};
/* End PBXContainerItemProxy section */

/* Begin PBXFileReference section */
		073DC4F917648758003615A6 /* LuaObject.cpp */ = {isa = PBXFileReference; lastKnownFileType = sourcecode.cpp.cpp; name = LuaObject.cpp; path = Lua/LuaObject.cpp; sourceTree = "<group>"; };
		073DC4FA17648758003615A6 /* LuaObject.h */ = {isa = PBXFileReference; lastKnownFileType = sourcecode.c.h; name = LuaObject.h; path = Lua/LuaObject.h; sourceTree = "<group>"; };
		073DC4FB1764AA14003615A6 /* LuaScene.cpp */ = {isa = PBXFileReference; fileEncoding = 4; lastKnownFileType = sourcecode.cpp.cpp; name = LuaScene.cpp; path = Lua/LuaScene.cpp; sourceTree = "<group>"; };
		073DC4FC1764AA14003615A6 /* LuaScene.h */ = {isa = PBXFileReference; fileEncoding = 4; lastKnownFileType = sourcecode.c.h; name = LuaScene.h; path = Lua/LuaScene.h; sourceTree = "<group>"; };
		073DC5031764C3E7003615A6 /* crop.png */ = {isa = PBXFileReference; lastKnownFileType = image.png; path = crop.png; sourceTree = "<group>"; };
		073DC5041764C3E7003615A6 /* dog.png */ = {isa = PBXFileReference; lastKnownFileType = image.png; path = dog.png; sourceTree = "<group>"; };
		073DC5051764C3E7003615A6 /* farm.jpg */ = {isa = PBXFileReference; lastKnownFileType = image.jpeg; path = farm.jpg; sourceTree = "<group>"; };
		073DC5061764C3E7003615A6 /* land.png */ = {isa = PBXFileReference; lastKnownFileType = image.png; path = land.png; sourceTree = "<group>"; };
		073DC5071764C3E7003615A6 /* menu1.png */ = {isa = PBXFileReference; lastKnownFileType = image.png; path = menu1.png; sourceTree = "<group>"; };
		073DC5081764C3E7003615A6 /* menu2.png */ = {isa = PBXFileReference; lastKnownFileType = image.png; path = menu2.png; sourceTree = "<group>"; };
		073DC50A1764C3E7003615A6 /* desert.tsx */ = {isa = PBXFileReference; fileEncoding = 4; lastKnownFileType = text.xml; path = desert.tsx; sourceTree = "<group>"; };
		073DC50B1764C3E7003615A6 /* sample.tmx */ = {isa = PBXFileReference; fileEncoding = 4; lastKnownFileType = text.xml; path = sample.tmx; sourceTree = "<group>"; };
		073DC50C1764C3E7003615A6 /* tmw_desert_spacing.png */ = {isa = PBXFileReference; lastKnownFileType = image.png; path = tmw_desert_spacing.png; sourceTree = "<group>"; };
		073DC50E1764C3E7003615A6 /* background.mp3 */ = {isa = PBXFileReference; lastKnownFileType = audio.mp3; path = background.mp3; sourceTree = "<group>"; };
		073DC50F1764C3E7003615A6 /* background.ogg */ = {isa = PBXFileReference; lastKnownFileType = file; path = background.ogg; sourceTree = "<group>"; };
		073DC5111764C3E7003615A6 /* hello.lua */ = {isa = PBXFileReference; fileEncoding = 4; lastKnownFileType = text; path = hello.lua; sourceTree = "<group>"; };
		073DC5121764C3E7003615A6 /* hello2.lua */ = {isa = PBXFileReference; fileEncoding = 4; lastKnownFileType = text; path = hello2.lua; sourceTree = "<group>"; };
		073DC5131764C3E7003615A6 /* title.lua */ = {isa = PBXFileReference; fileEncoding = 4; lastKnownFileType = text; path = title.lua; sourceTree = "<group>"; };
		073DC5151764C3E7003615A6 /* effect1.wav */ = {isa = PBXFileReference; lastKnownFileType = audio.wav; path = effect1.wav; sourceTree = "<group>"; };
		077C41321759101600024FE7 /* cocos2dx.xcodeproj */ = {isa = PBXFileReference; lastKnownFileType = "wrapper.pb-project"; name = cocos2dx.xcodeproj; path = ../../libs/cocos2dx/proj.ios/cocos2dx.xcodeproj; sourceTree = "<group>"; };
		077C41381759105700024FE7 /* TactiX-Info.plist */ = {isa = PBXFileReference; fileEncoding = 4; lastKnownFileType = text.plist.xml; path = "TactiX-Info.plist"; sourceTree = SOURCE_ROOT; };
		077C41601759151A00024FE7 /* CDAudioManager.h */ = {isa = PBXFileReference; fileEncoding = 4; lastKnownFileType = sourcecode.c.h; path = CDAudioManager.h; sourceTree = "<group>"; };
		077C41611759151A00024FE7 /* CDAudioManager.m */ = {isa = PBXFileReference; fileEncoding = 4; lastKnownFileType = sourcecode.c.objc; path = CDAudioManager.m; sourceTree = "<group>"; };
		077C41621759151A00024FE7 /* CDConfig.h */ = {isa = PBXFileReference; fileEncoding = 4; lastKnownFileType = sourcecode.c.h; path = CDConfig.h; sourceTree = "<group>"; };
		077C41631759151A00024FE7 /* CDOpenALSupport.h */ = {isa = PBXFileReference; fileEncoding = 4; lastKnownFileType = sourcecode.c.h; path = CDOpenALSupport.h; sourceTree = "<group>"; };
		077C41641759151A00024FE7 /* CDOpenALSupport.m */ = {isa = PBXFileReference; fileEncoding = 4; lastKnownFileType = sourcecode.c.objc; path = CDOpenALSupport.m; sourceTree = "<group>"; };
		077C41651759151A00024FE7 /* CocosDenshion.h */ = {isa = PBXFileReference; fileEncoding = 4; lastKnownFileType = sourcecode.c.h; path = CocosDenshion.h; sourceTree = "<group>"; };
		077C41661759151A00024FE7 /* CocosDenshion.m */ = {isa = PBXFileReference; fileEncoding = 4; lastKnownFileType = sourcecode.c.objc; path = CocosDenshion.m; sourceTree = "<group>"; };
		077C41671759151A00024FE7 /* SimpleAudioEngine.mm */ = {isa = PBXFileReference; fileEncoding = 4; lastKnownFileType = sourcecode.cpp.objcpp; path = SimpleAudioEngine.mm; sourceTree = "<group>"; };
		077C41681759151A00024FE7 /* SimpleAudioEngine_objc.h */ = {isa = PBXFileReference; fileEncoding = 4; lastKnownFileType = sourcecode.c.h; path = SimpleAudioEngine_objc.h; sourceTree = "<group>"; };
		077C41691759151A00024FE7 /* SimpleAudioEngine_objc.m */ = {isa = PBXFileReference; fileEncoding = 4; lastKnownFileType = sourcecode.c.objc; path = SimpleAudioEngine_objc.m; sourceTree = "<group>"; };
		077C41F81759153F00024FE7 /* Export.h */ = {isa = PBXFileReference; fileEncoding = 4; lastKnownFileType = sourcecode.c.h; path = Export.h; sourceTree = "<group>"; };
		077C41F91759153F00024FE7 /* SimpleAudioEngine.h */ = {isa = PBXFileReference; fileEncoding = 4; lastKnownFileType = sourcecode.c.h; path = SimpleAudioEngine.h; sourceTree = "<group>"; };
		077C41FC1759157800024FE7 /* CCLuaBridge.cpp */ = {isa = PBXFileReference; fileEncoding = 4; lastKnownFileType = sourcecode.cpp.cpp; path = CCLuaBridge.cpp; sourceTree = "<group>"; };
		077C41FD1759157800024FE7 /* CCLuaBridge.h */ = {isa = PBXFileReference; fileEncoding = 4; lastKnownFileType = sourcecode.c.h; path = CCLuaBridge.h; sourceTree = "<group>"; };
		077C41FE1759157800024FE7 /* CCLuaEngine.cpp */ = {isa = PBXFileReference; fileEncoding = 4; lastKnownFileType = sourcecode.cpp.cpp; path = CCLuaEngine.cpp; sourceTree = "<group>"; };
		077C41FF1759157800024FE7 /* CCLuaEngine.h */ = {isa = PBXFileReference; fileEncoding = 4; lastKnownFileType = sourcecode.c.h; path = CCLuaEngine.h; sourceTree = "<group>"; };
		077C42001759157800024FE7 /* CCLuaStack.cpp */ = {isa = PBXFileReference; fileEncoding = 4; lastKnownFileType = sourcecode.cpp.cpp; path = CCLuaStack.cpp; sourceTree = "<group>"; };
		077C42011759157800024FE7 /* CCLuaStack.h */ = {isa = PBXFileReference; fileEncoding = 4; lastKnownFileType = sourcecode.c.h; path = CCLuaStack.h; sourceTree = "<group>"; };
		077C42021759157800024FE7 /* CCLuaValue.cpp */ = {isa = PBXFileReference; fileEncoding = 4; lastKnownFileType = sourcecode.cpp.cpp; path = CCLuaValue.cpp; sourceTree = "<group>"; };
		077C42031759157800024FE7 /* CCLuaValue.h */ = {isa = PBXFileReference; fileEncoding = 4; lastKnownFileType = sourcecode.c.h; path = CCLuaValue.h; sourceTree = "<group>"; };
		077C42041759157800024FE7 /* Cocos2dxLuaLoader.cpp */ = {isa = PBXFileReference; fileEncoding = 4; lastKnownFileType = sourcecode.cpp.cpp; path = Cocos2dxLuaLoader.cpp; sourceTree = "<group>"; };
		077C42051759157800024FE7 /* Cocos2dxLuaLoader.h */ = {isa = PBXFileReference; fileEncoding = 4; lastKnownFileType = sourcecode.c.h; path = Cocos2dxLuaLoader.h; sourceTree = "<group>"; };
		077C42061759157800024FE7 /* LuaCocos2d.cpp */ = {isa = PBXFileReference; fileEncoding = 4; lastKnownFileType = sourcecode.cpp.cpp; path = LuaCocos2d.cpp; sourceTree = "<group>"; };
		077C42071759157800024FE7 /* LuaCocos2d.h */ = {isa = PBXFileReference; fileEncoding = 4; lastKnownFileType = sourcecode.c.h; path = LuaCocos2d.h; sourceTree = "<group>"; };
		077C420A1759157800024FE7 /* CCLuaObjcBridge.h */ = {isa = PBXFileReference; fileEncoding = 4; lastKnownFileType = sourcecode.c.h; path = CCLuaObjcBridge.h; sourceTree = "<group>"; };
		077C420B1759157800024FE7 /* CCLuaObjcBridge.mm */ = {isa = PBXFileReference; fileEncoding = 4; lastKnownFileType = sourcecode.cpp.objcpp; path = CCLuaObjcBridge.mm; sourceTree = "<group>"; };
		077C420C1759157800024FE7 /* tolua_fix.c */ = {isa = PBXFileReference; fileEncoding = 4; lastKnownFileType = sourcecode.c.c; path = tolua_fix.c; sourceTree = "<group>"; };
		077C420D1759157800024FE7 /* tolua_fix.h */ = {isa = PBXFileReference; fileEncoding = 4; lastKnownFileType = sourcecode.c.h; path = tolua_fix.h; sourceTree = "<group>"; };
		077C420F1759157800024FE7 /* lapi.c */ = {isa = PBXFileReference; fileEncoding = 4; lastKnownFileType = sourcecode.c.c; path = lapi.c; sourceTree = "<group>"; };
		077C42101759157800024FE7 /* lapi.h */ = {isa = PBXFileReference; fileEncoding = 4; lastKnownFileType = sourcecode.c.h; path = lapi.h; sourceTree = "<group>"; };
		077C42111759157800024FE7 /* lauxlib.c */ = {isa = PBXFileReference; fileEncoding = 4; lastKnownFileType = sourcecode.c.c; path = lauxlib.c; sourceTree = "<group>"; };
		077C42121759157800024FE7 /* lauxlib.h */ = {isa = PBXFileReference; fileEncoding = 4; lastKnownFileType = sourcecode.c.h; path = lauxlib.h; sourceTree = "<group>"; };
		077C42131759157800024FE7 /* lbaselib.c */ = {isa = PBXFileReference; fileEncoding = 4; lastKnownFileType = sourcecode.c.c; path = lbaselib.c; sourceTree = "<group>"; };
		077C42141759157800024FE7 /* lcode.c */ = {isa = PBXFileReference; fileEncoding = 4; lastKnownFileType = sourcecode.c.c; path = lcode.c; sourceTree = "<group>"; };
		077C42151759157800024FE7 /* lcode.h */ = {isa = PBXFileReference; fileEncoding = 4; lastKnownFileType = sourcecode.c.h; path = lcode.h; sourceTree = "<group>"; };
		077C42161759157800024FE7 /* ldblib.c */ = {isa = PBXFileReference; fileEncoding = 4; lastKnownFileType = sourcecode.c.c; path = ldblib.c; sourceTree = "<group>"; };
		077C42171759157800024FE7 /* ldebug.c */ = {isa = PBXFileReference; fileEncoding = 4; lastKnownFileType = sourcecode.c.c; path = ldebug.c; sourceTree = "<group>"; };
		077C42181759157800024FE7 /* ldebug.h */ = {isa = PBXFileReference; fileEncoding = 4; lastKnownFileType = sourcecode.c.h; path = ldebug.h; sourceTree = "<group>"; };
		077C42191759157800024FE7 /* ldo.c */ = {isa = PBXFileReference; fileEncoding = 4; lastKnownFileType = sourcecode.c.c; path = ldo.c; sourceTree = "<group>"; };
		077C421A1759157800024FE7 /* ldo.h */ = {isa = PBXFileReference; fileEncoding = 4; lastKnownFileType = sourcecode.c.h; path = ldo.h; sourceTree = "<group>"; };
		077C421B1759157800024FE7 /* ldump.c */ = {isa = PBXFileReference; fileEncoding = 4; lastKnownFileType = sourcecode.c.c; path = ldump.c; sourceTree = "<group>"; };
		077C421C1759157800024FE7 /* lfunc.c */ = {isa = PBXFileReference; fileEncoding = 4; lastKnownFileType = sourcecode.c.c; path = lfunc.c; sourceTree = "<group>"; };
		077C421D1759157800024FE7 /* lfunc.h */ = {isa = PBXFileReference; fileEncoding = 4; lastKnownFileType = sourcecode.c.h; path = lfunc.h; sourceTree = "<group>"; };
		077C421E1759157800024FE7 /* lgc.c */ = {isa = PBXFileReference; fileEncoding = 4; lastKnownFileType = sourcecode.c.c; path = lgc.c; sourceTree = "<group>"; };
		077C421F1759157800024FE7 /* lgc.h */ = {isa = PBXFileReference; fileEncoding = 4; lastKnownFileType = sourcecode.c.h; path = lgc.h; sourceTree = "<group>"; };
		077C42201759157800024FE7 /* linit.c */ = {isa = PBXFileReference; fileEncoding = 4; lastKnownFileType = sourcecode.c.c; path = linit.c; sourceTree = "<group>"; };
		077C42211759157800024FE7 /* liolib.c */ = {isa = PBXFileReference; fileEncoding = 4; lastKnownFileType = sourcecode.c.c; path = liolib.c; sourceTree = "<group>"; };
		077C42221759157800024FE7 /* llex.c */ = {isa = PBXFileReference; fileEncoding = 4; lastKnownFileType = sourcecode.c.c; path = llex.c; sourceTree = "<group>"; };
		077C42231759157800024FE7 /* llex.h */ = {isa = PBXFileReference; fileEncoding = 4; lastKnownFileType = sourcecode.c.h; path = llex.h; sourceTree = "<group>"; };
		077C42241759157800024FE7 /* llimits.h */ = {isa = PBXFileReference; fileEncoding = 4; lastKnownFileType = sourcecode.c.h; path = llimits.h; sourceTree = "<group>"; };
		077C42251759157800024FE7 /* lmathlib.c */ = {isa = PBXFileReference; fileEncoding = 4; lastKnownFileType = sourcecode.c.c; path = lmathlib.c; sourceTree = "<group>"; };
		077C42261759157800024FE7 /* lmem.c */ = {isa = PBXFileReference; fileEncoding = 4; lastKnownFileType = sourcecode.c.c; path = lmem.c; sourceTree = "<group>"; };
		077C42271759157800024FE7 /* lmem.h */ = {isa = PBXFileReference; fileEncoding = 4; lastKnownFileType = sourcecode.c.h; path = lmem.h; sourceTree = "<group>"; };
		077C42281759157800024FE7 /* loadlib.c */ = {isa = PBXFileReference; fileEncoding = 4; lastKnownFileType = sourcecode.c.c; path = loadlib.c; sourceTree = "<group>"; };
		077C42291759157800024FE7 /* lobject.c */ = {isa = PBXFileReference; fileEncoding = 4; lastKnownFileType = sourcecode.c.c; path = lobject.c; sourceTree = "<group>"; };
		077C422A1759157800024FE7 /* lobject.h */ = {isa = PBXFileReference; fileEncoding = 4; lastKnownFileType = sourcecode.c.h; path = lobject.h; sourceTree = "<group>"; };
		077C422B1759157800024FE7 /* lopcodes.c */ = {isa = PBXFileReference; fileEncoding = 4; lastKnownFileType = sourcecode.c.c; path = lopcodes.c; sourceTree = "<group>"; };
		077C422C1759157800024FE7 /* lopcodes.h */ = {isa = PBXFileReference; fileEncoding = 4; lastKnownFileType = sourcecode.c.h; path = lopcodes.h; sourceTree = "<group>"; };
		077C422D1759157800024FE7 /* loslib.c */ = {isa = PBXFileReference; fileEncoding = 4; lastKnownFileType = sourcecode.c.c; path = loslib.c; sourceTree = "<group>"; };
		077C422E1759157800024FE7 /* lparser.c */ = {isa = PBXFileReference; fileEncoding = 4; lastKnownFileType = sourcecode.c.c; path = lparser.c; sourceTree = "<group>"; };
		077C422F1759157800024FE7 /* lparser.h */ = {isa = PBXFileReference; fileEncoding = 4; lastKnownFileType = sourcecode.c.h; path = lparser.h; sourceTree = "<group>"; };
		077C42301759157800024FE7 /* lstate.c */ = {isa = PBXFileReference; fileEncoding = 4; lastKnownFileType = sourcecode.c.c; path = lstate.c; sourceTree = "<group>"; };
		077C42311759157800024FE7 /* lstate.h */ = {isa = PBXFileReference; fileEncoding = 4; lastKnownFileType = sourcecode.c.h; path = lstate.h; sourceTree = "<group>"; };
		077C42321759157800024FE7 /* lstring.c */ = {isa = PBXFileReference; fileEncoding = 4; lastKnownFileType = sourcecode.c.c; path = lstring.c; sourceTree = "<group>"; };
		077C42331759157800024FE7 /* lstring.h */ = {isa = PBXFileReference; fileEncoding = 4; lastKnownFileType = sourcecode.c.h; path = lstring.h; sourceTree = "<group>"; };
		077C42341759157800024FE7 /* lstrlib.c */ = {isa = PBXFileReference; fileEncoding = 4; lastKnownFileType = sourcecode.c.c; path = lstrlib.c; sourceTree = "<group>"; };
		077C42351759157800024FE7 /* ltable.c */ = {isa = PBXFileReference; fileEncoding = 4; lastKnownFileType = sourcecode.c.c; path = ltable.c; sourceTree = "<group>"; };
		077C42361759157800024FE7 /* ltable.h */ = {isa = PBXFileReference; fileEncoding = 4; lastKnownFileType = sourcecode.c.h; path = ltable.h; sourceTree = "<group>"; };
		077C42371759157800024FE7 /* ltablib.c */ = {isa = PBXFileReference; fileEncoding = 4; lastKnownFileType = sourcecode.c.c; path = ltablib.c; sourceTree = "<group>"; };
		077C42381759157800024FE7 /* ltm.c */ = {isa = PBXFileReference; fileEncoding = 4; lastKnownFileType = sourcecode.c.c; path = ltm.c; sourceTree = "<group>"; };
		077C42391759157800024FE7 /* ltm.h */ = {isa = PBXFileReference; fileEncoding = 4; lastKnownFileType = sourcecode.c.h; path = ltm.h; sourceTree = "<group>"; };
		077C423A1759157800024FE7 /* lua.c */ = {isa = PBXFileReference; fileEncoding = 4; lastKnownFileType = sourcecode.c.c; path = lua.c; sourceTree = "<group>"; };
		077C423B1759157800024FE7 /* lua.h */ = {isa = PBXFileReference; fileEncoding = 4; lastKnownFileType = sourcecode.c.h; path = lua.h; sourceTree = "<group>"; };
		077C423C1759157800024FE7 /* luaconf.h */ = {isa = PBXFileReference; fileEncoding = 4; lastKnownFileType = sourcecode.c.h; path = luaconf.h; sourceTree = "<group>"; };
		077C423D1759157800024FE7 /* lualib.h */ = {isa = PBXFileReference; fileEncoding = 4; lastKnownFileType = sourcecode.c.h; path = lualib.h; sourceTree = "<group>"; };
		077C423E1759157800024FE7 /* lundump.c */ = {isa = PBXFileReference; fileEncoding = 4; lastKnownFileType = sourcecode.c.c; path = lundump.c; sourceTree = "<group>"; };
		077C423F1759157800024FE7 /* lundump.h */ = {isa = PBXFileReference; fileEncoding = 4; lastKnownFileType = sourcecode.c.h; path = lundump.h; sourceTree = "<group>"; };
		077C42401759157800024FE7 /* lvm.c */ = {isa = PBXFileReference; fileEncoding = 4; lastKnownFileType = sourcecode.c.c; path = lvm.c; sourceTree = "<group>"; };
		077C42411759157800024FE7 /* lvm.h */ = {isa = PBXFileReference; fileEncoding = 4; lastKnownFileType = sourcecode.c.h; path = lvm.h; sourceTree = "<group>"; };
		077C42421759157800024FE7 /* lzio.c */ = {isa = PBXFileReference; fileEncoding = 4; lastKnownFileType = sourcecode.c.c; path = lzio.c; sourceTree = "<group>"; };
		077C42431759157800024FE7 /* lzio.h */ = {isa = PBXFileReference; fileEncoding = 4; lastKnownFileType = sourcecode.c.h; path = lzio.h; sourceTree = "<group>"; };
		077C42441759157800024FE7 /* print.c */ = {isa = PBXFileReference; fileEncoding = 4; lastKnownFileType = sourcecode.c.c; path = print.c; sourceTree = "<group>"; };
		077C42521759157800024FE7 /* lauxlib.h */ = {isa = PBXFileReference; fileEncoding = 4; lastKnownFileType = sourcecode.c.h; path = lauxlib.h; sourceTree = "<group>"; };
		077C42531759157800024FE7 /* lua.h */ = {isa = PBXFileReference; fileEncoding = 4; lastKnownFileType = sourcecode.c.h; path = lua.h; sourceTree = "<group>"; };
		077C42541759157800024FE7 /* luaconf.h */ = {isa = PBXFileReference; fileEncoding = 4; lastKnownFileType = sourcecode.c.h; path = luaconf.h; sourceTree = "<group>"; };
		077C42551759157800024FE7 /* lualib.h */ = {isa = PBXFileReference; fileEncoding = 4; lastKnownFileType = sourcecode.c.h; path = lualib.h; sourceTree = "<group>"; };
		077C42571759157800024FE7 /* libluajit.a */ = {isa = PBXFileReference; lastKnownFileType = archive.ar; path = libluajit.a; sourceTree = "<group>"; };
		077C43351759157900024FE7 /* tolua++.h */ = {isa = PBXFileReference; fileEncoding = 4; lastKnownFileType = sourcecode.c.h; path = "tolua++.h"; sourceTree = "<group>"; };
		077C43361759157900024FE7 /* tolua_event.c */ = {isa = PBXFileReference; fileEncoding = 4; lastKnownFileType = sourcecode.c.c; path = tolua_event.c; sourceTree = "<group>"; };
		077C43371759157900024FE7 /* tolua_event.h */ = {isa = PBXFileReference; fileEncoding = 4; lastKnownFileType = sourcecode.c.h; path = tolua_event.h; sourceTree = "<group>"; };
		077C43381759157900024FE7 /* tolua_is.c */ = {isa = PBXFileReference; fileEncoding = 4; lastKnownFileType = sourcecode.c.c; path = tolua_is.c; sourceTree = "<group>"; };
		077C43391759157900024FE7 /* tolua_map.c */ = {isa = PBXFileReference; fileEncoding = 4; lastKnownFileType = sourcecode.c.c; path = tolua_map.c; sourceTree = "<group>"; };
		077C433A1759157900024FE7 /* tolua_push.c */ = {isa = PBXFileReference; fileEncoding = 4; lastKnownFileType = sourcecode.c.c; path = tolua_push.c; sourceTree = "<group>"; };
		077C433B1759157900024FE7 /* tolua_to.c */ = {isa = PBXFileReference; fileEncoding = 4; lastKnownFileType = sourcecode.c.c; path = tolua_to.c; sourceTree = "<group>"; };
		1D30AB110D05D00D00671497 /* Foundation.framework */ = {isa = PBXFileReference; lastKnownFileType = wrapper.framework; name = Foundation.framework; path = System/Library/Frameworks/Foundation.framework; sourceTree = SDKROOT; };
		1D6058910D05DD3D006BFB54 /* TactiX.app */ = {isa = PBXFileReference; explicitFileType = wrapper.application; includeInIndex = 0; path = TactiX.app; sourceTree = BUILT_PRODUCTS_DIR; };
		1DF5F4DF0D08C38300B7A737 /* UIKit.framework */ = {isa = PBXFileReference; lastKnownFileType = wrapper.framework; name = UIKit.framework; path = System/Library/Frameworks/UIKit.framework; sourceTree = SDKROOT; };
		288765A40DF7441C002DB57D /* CoreGraphics.framework */ = {isa = PBXFileReference; lastKnownFileType = wrapper.framework; name = CoreGraphics.framework; path = System/Library/Frameworks/CoreGraphics.framework; sourceTree = SDKROOT; };
		781C33B11547F06B00633F88 /* OpenAL.framework */ = {isa = PBXFileReference; lastKnownFileType = wrapper.framework; name = OpenAL.framework; path = System/Library/Frameworks/OpenAL.framework; sourceTree = SDKROOT; };
		781C33B31547F06B00633F88 /* AudioToolbox.framework */ = {isa = PBXFileReference; lastKnownFileType = wrapper.framework; name = AudioToolbox.framework; path = System/Library/Frameworks/AudioToolbox.framework; sourceTree = SDKROOT; };
		781C33B51547F06B00633F88 /* AVFoundation.framework */ = {isa = PBXFileReference; lastKnownFileType = wrapper.framework; name = AVFoundation.framework; path = System/Library/Frameworks/AVFoundation.framework; sourceTree = SDKROOT; };
		BF137426128A8E4600D9F789 /* QuartzCore.framework */ = {isa = PBXFileReference; lastKnownFileType = wrapper.framework; name = QuartzCore.framework; path = System/Library/Frameworks/QuartzCore.framework; sourceTree = SDKROOT; };
		BF23D4E3143315EB00657E08 /* AppDelegate.cpp */ = {isa = PBXFileReference; fileEncoding = 4; lastKnownFileType = sourcecode.cpp.cpp; path = AppDelegate.cpp; sourceTree = "<group>"; };
		BF23D4E4143315EB00657E08 /* AppDelegate.h */ = {isa = PBXFileReference; fileEncoding = 4; lastKnownFileType = sourcecode.c.h; path = AppDelegate.h; sourceTree = "<group>"; };
		BF365AA612A103F70050DCF4 /* AppController.h */ = {isa = PBXFileReference; fileEncoding = 4; lastKnownFileType = sourcecode.c.h; path = AppController.h; sourceTree = "<group>"; };
		BF365AA712A103F70050DCF4 /* AppController.mm */ = {isa = PBXFileReference; fileEncoding = 4; lastKnownFileType = sourcecode.cpp.objcpp; path = AppController.mm; sourceTree = "<group>"; };
		BF492B6912891AC600A09262 /* libz.dylib */ = {isa = PBXFileReference; lastKnownFileType = "compiled.mach-o.dylib"; name = libz.dylib; path = usr/lib/libz.dylib; sourceTree = SDKROOT; };
		BF492C21128924A800A09262 /* libxml2.dylib */ = {isa = PBXFileReference; lastKnownFileType = "compiled.mach-o.dylib"; name = libxml2.dylib; path = usr/lib/libxml2.dylib; sourceTree = SDKROOT; };
		BF492D4B1289302400A09262 /* OpenGLES.framework */ = {isa = PBXFileReference; lastKnownFileType = wrapper.framework; name = OpenGLES.framework; path = System/Library/Frameworks/OpenGLES.framework; sourceTree = SDKROOT; };
		BF4DE6AB138BB89600CF907D /* RootViewController.h */ = {isa = PBXFileReference; fileEncoding = 4; lastKnownFileType = sourcecode.c.h; path = RootViewController.h; sourceTree = "<group>"; };
		BF4DE6AC138BB89600CF907D /* RootViewController.mm */ = {isa = PBXFileReference; fileEncoding = 4; lastKnownFileType = sourcecode.cpp.objcpp; path = RootViewController.mm; sourceTree = "<group>"; };
		D446FD78161028E9000ADA7B /* Default.png */ = {isa = PBXFileReference; lastKnownFileType = image.png; name = Default.png; path = ../proj.ios/Default.png; sourceTree = "<group>"; };
		D446FD7A161028ED000ADA7B /* Default@2x.png */ = {isa = PBXFileReference; lastKnownFileType = image.png; name = "Default@2x.png"; path = "../proj.ios/Default@2x.png"; sourceTree = "<group>"; };
		D446FD7C161028F4000ADA7B /* Default-568h@2x.png */ = {isa = PBXFileReference; lastKnownFileType = image.png; name = "Default-568h@2x.png"; path = "../proj.ios/Default-568h@2x.png"; sourceTree = "<group>"; };
		D4ABB4B213B4395300552E6E /* main.m */ = {isa = PBXFileReference; fileEncoding = 4; lastKnownFileType = sourcecode.c.objc; path = main.m; sourceTree = "<group>"; };
		D4EF94E715BD319200D803EB /* Icon-57.png */ = {isa = PBXFileReference; lastKnownFileType = image.png; name = "Icon-57.png"; path = "../proj.ios/Icon-57.png"; sourceTree = "<group>"; };
		D4EF94E915BD319500D803EB /* Icon-114.png */ = {isa = PBXFileReference; lastKnownFileType = image.png; name = "Icon-114.png"; path = "../proj.ios/Icon-114.png"; sourceTree = "<group>"; };
		D4EF94EB15BD319B00D803EB /* Icon-72.png */ = {isa = PBXFileReference; lastKnownFileType = image.png; name = "Icon-72.png"; path = "../proj.ios/Icon-72.png"; sourceTree = "<group>"; };
		D4EF94ED15BD319D00D803EB /* Icon-144.png */ = {isa = PBXFileReference; lastKnownFileType = image.png; name = "Icon-144.png"; path = "../proj.ios/Icon-144.png"; sourceTree = "<group>"; };
/* End PBXFileReference section */

/* Begin PBXFrameworksBuildPhase section */
		1D60588F0D05DD3D006BFB54 /* Frameworks */ = {
			isa = PBXFrameworksBuildPhase;
			buildActionMask = 2147483647;
			files = (
				077C43F71759167600024FE7 /* AudioToolbox.framework in Frameworks */,
				077C43F61759165C00024FE7 /* OpenAL.framework in Frameworks */,
				077C43F51759164E00024FE7 /* AVFoundation.framework in Frameworks */,
				077C413A175910E600024FE7 /* libcocos2dx.a in Frameworks */,
				1D60589F0D05DD5A006BFB54 /* Foundation.framework in Frameworks */,
				1DF5F4E00D08C38300B7A737 /* UIKit.framework in Frameworks */,
				288765A50DF7441C002DB57D /* CoreGraphics.framework in Frameworks */,
				BF1373EF128A898400D9F789 /* OpenGLES.framework in Frameworks */,
				BF1373F0128A899500D9F789 /* libxml2.dylib in Frameworks */,
				BF1373F1128A899E00D9F789 /* libz.dylib in Frameworks */,
				BF13742F128A8E6A00D9F789 /* QuartzCore.framework in Frameworks */,
				077C436A1759157900024FE7 /* libluajit.a in Frameworks */,
			);
			runOnlyForDeploymentPostprocessing = 0;
		};
/* End PBXFrameworksBuildPhase section */

/* Begin PBXGroup section */
		073DC4F717648737003615A6 /* Lua */ = {
			isa = PBXGroup;
			children = (
				073DC4F917648758003615A6 /* LuaObject.cpp */,
				073DC4FA17648758003615A6 /* LuaObject.h */,
				073DC4FB1764AA14003615A6 /* LuaScene.cpp */,
				073DC4FC1764AA14003615A6 /* LuaScene.h */,
			);
			name = Lua;
			sourceTree = "<group>";
		};
		073DC5011764C3E7003615A6 /* Resources */ = {
			isa = PBXGroup;
			children = (
				073DC5021764C3E7003615A6 /* Image */,
				073DC5091764C3E7003615A6 /* Map */,
				073DC50D1764C3E7003615A6 /* Music */,
				073DC5101764C3E7003615A6 /* Script */,
				073DC5141764C3E7003615A6 /* SE */,
			);
			name = Resources;
			path = ../Resources;
			sourceTree = "<group>";
		};
		073DC5021764C3E7003615A6 /* Image */ = {
			isa = PBXGroup;
			children = (
				073DC5031764C3E7003615A6 /* crop.png */,
				073DC5041764C3E7003615A6 /* dog.png */,
				073DC5051764C3E7003615A6 /* farm.jpg */,
				073DC5061764C3E7003615A6 /* land.png */,
				073DC5071764C3E7003615A6 /* menu1.png */,
				073DC5081764C3E7003615A6 /* menu2.png */,
			);
			path = Image;
			sourceTree = "<group>";
		};
		073DC5091764C3E7003615A6 /* Map */ = {
			isa = PBXGroup;
			children = (
				073DC50A1764C3E7003615A6 /* desert.tsx */,
				073DC50B1764C3E7003615A6 /* sample.tmx */,
				073DC50C1764C3E7003615A6 /* tmw_desert_spacing.png */,
			);
			path = Map;
			sourceTree = "<group>";
		};
		073DC50D1764C3E7003615A6 /* Music */ = {
			isa = PBXGroup;
			children = (
				073DC50E1764C3E7003615A6 /* background.mp3 */,
				073DC50F1764C3E7003615A6 /* background.ogg */,
			);
			path = Music;
			sourceTree = "<group>";
		};
		073DC5101764C3E7003615A6 /* Script */ = {
			isa = PBXGroup;
			children = (
				073DC5111764C3E7003615A6 /* hello.lua */,
				073DC5121764C3E7003615A6 /* hello2.lua */,
				073DC5131764C3E7003615A6 /* title.lua */,
			);
			path = Script;
			sourceTree = "<group>";
		};
		073DC5141764C3E7003615A6 /* SE */ = {
			isa = PBXGroup;
			children = (
				073DC5151764C3E7003615A6 /* effect1.wav */,
			);
			path = SE;
			sourceTree = "<group>";
		};
		077C41331759101600024FE7 /* Products */ = {
			isa = PBXGroup;
			children = (
				077C41371759101600024FE7 /* libcocos2dx.a */,
			);
			name = Products;
			sourceTree = "<group>";
		};
		077C41461759151A00024FE7 /* CocosDenshion */ = {
			isa = PBXGroup;
			children = (
				077C41F71759153F00024FE7 /* include */,
				077C415F1759151A00024FE7 /* ios */,
			);
			name = CocosDenshion;
			path = ../../libs/CocosDenshion;
			sourceTree = "<group>";
		};
		077C415F1759151A00024FE7 /* ios */ = {
			isa = PBXGroup;
			children = (
				077C41601759151A00024FE7 /* CDAudioManager.h */,
				077C41611759151A00024FE7 /* CDAudioManager.m */,
				077C41621759151A00024FE7 /* CDConfig.h */,
				077C41631759151A00024FE7 /* CDOpenALSupport.h */,
				077C41641759151A00024FE7 /* CDOpenALSupport.m */,
				077C41651759151A00024FE7 /* CocosDenshion.h */,
				077C41661759151A00024FE7 /* CocosDenshion.m */,
				077C41671759151A00024FE7 /* SimpleAudioEngine.mm */,
				077C41681759151A00024FE7 /* SimpleAudioEngine_objc.h */,
				077C41691759151A00024FE7 /* SimpleAudioEngine_objc.m */,
			);
			path = ios;
			sourceTree = "<group>";
		};
		077C41F71759153F00024FE7 /* include */ = {
			isa = PBXGroup;
			children = (
				077C41F81759153F00024FE7 /* Export.h */,
				077C41F91759153F00024FE7 /* SimpleAudioEngine.h */,
			);
			path = include;
			sourceTree = "<group>";
		};
		077C41FA1759157800024FE7 /* lua */ = {
			isa = PBXGroup;
			children = (
				077C41FB1759157800024FE7 /* cocos2dx_support */,
				077C420E1759157800024FE7 /* lua */,
				077C42451759157800024FE7 /* luajit */,
				077C43341759157900024FE7 /* tolua */,
			);
			name = lua;
			path = ../../libs/lua;
			sourceTree = "<group>";
		};
		077C41FB1759157800024FE7 /* cocos2dx_support */ = {
			isa = PBXGroup;
			children = (
				077C41FC1759157800024FE7 /* CCLuaBridge.cpp */,
				077C41FD1759157800024FE7 /* CCLuaBridge.h */,
				077C41FE1759157800024FE7 /* CCLuaEngine.cpp */,
				077C41FF1759157800024FE7 /* CCLuaEngine.h */,
				077C42001759157800024FE7 /* CCLuaStack.cpp */,
				077C42011759157800024FE7 /* CCLuaStack.h */,
				077C42021759157800024FE7 /* CCLuaValue.cpp */,
				077C42031759157800024FE7 /* CCLuaValue.h */,
				077C42041759157800024FE7 /* Cocos2dxLuaLoader.cpp */,
				077C42051759157800024FE7 /* Cocos2dxLuaLoader.h */,
				077C42061759157800024FE7 /* LuaCocos2d.cpp */,
				077C42071759157800024FE7 /* LuaCocos2d.h */,
				077C42081759157800024FE7 /* platform */,
				077C420C1759157800024FE7 /* tolua_fix.c */,
				077C420D1759157800024FE7 /* tolua_fix.h */,
			);
			path = cocos2dx_support;
			sourceTree = "<group>";
		};
		077C42081759157800024FE7 /* platform */ = {
			isa = PBXGroup;
			children = (
				077C42091759157800024FE7 /* ios */,
			);
			path = platform;
			sourceTree = "<group>";
		};
		077C42091759157800024FE7 /* ios */ = {
			isa = PBXGroup;
			children = (
				077C420A1759157800024FE7 /* CCLuaObjcBridge.h */,
				077C420B1759157800024FE7 /* CCLuaObjcBridge.mm */,
			);
			path = ios;
			sourceTree = "<group>";
		};
		077C420E1759157800024FE7 /* lua */ = {
			isa = PBXGroup;
			children = (
				077C420F1759157800024FE7 /* lapi.c */,
				077C42101759157800024FE7 /* lapi.h */,
				077C42111759157800024FE7 /* lauxlib.c */,
				077C42121759157800024FE7 /* lauxlib.h */,
				077C42131759157800024FE7 /* lbaselib.c */,
				077C42141759157800024FE7 /* lcode.c */,
				077C42151759157800024FE7 /* lcode.h */,
				077C42161759157800024FE7 /* ldblib.c */,
				077C42171759157800024FE7 /* ldebug.c */,
				077C42181759157800024FE7 /* ldebug.h */,
				077C42191759157800024FE7 /* ldo.c */,
				077C421A1759157800024FE7 /* ldo.h */,
				077C421B1759157800024FE7 /* ldump.c */,
				077C421C1759157800024FE7 /* lfunc.c */,
				077C421D1759157800024FE7 /* lfunc.h */,
				077C421E1759157800024FE7 /* lgc.c */,
				077C421F1759157800024FE7 /* lgc.h */,
				077C42201759157800024FE7 /* linit.c */,
				077C42211759157800024FE7 /* liolib.c */,
				077C42221759157800024FE7 /* llex.c */,
				077C42231759157800024FE7 /* llex.h */,
				077C42241759157800024FE7 /* llimits.h */,
				077C42251759157800024FE7 /* lmathlib.c */,
				077C42261759157800024FE7 /* lmem.c */,
				077C42271759157800024FE7 /* lmem.h */,
				077C42281759157800024FE7 /* loadlib.c */,
				077C42291759157800024FE7 /* lobject.c */,
				077C422A1759157800024FE7 /* lobject.h */,
				077C422B1759157800024FE7 /* lopcodes.c */,
				077C422C1759157800024FE7 /* lopcodes.h */,
				077C422D1759157800024FE7 /* loslib.c */,
				077C422E1759157800024FE7 /* lparser.c */,
				077C422F1759157800024FE7 /* lparser.h */,
				077C42301759157800024FE7 /* lstate.c */,
				077C42311759157800024FE7 /* lstate.h */,
				077C42321759157800024FE7 /* lstring.c */,
				077C42331759157800024FE7 /* lstring.h */,
				077C42341759157800024FE7 /* lstrlib.c */,
				077C42351759157800024FE7 /* ltable.c */,
				077C42361759157800024FE7 /* ltable.h */,
				077C42371759157800024FE7 /* ltablib.c */,
				077C42381759157800024FE7 /* ltm.c */,
				077C42391759157800024FE7 /* ltm.h */,
				077C423A1759157800024FE7 /* lua.c */,
				077C423B1759157800024FE7 /* lua.h */,
				077C423C1759157800024FE7 /* luaconf.h */,
				077C423D1759157800024FE7 /* lualib.h */,
				077C423E1759157800024FE7 /* lundump.c */,
				077C423F1759157800024FE7 /* lundump.h */,
				077C42401759157800024FE7 /* lvm.c */,
				077C42411759157800024FE7 /* lvm.h */,
				077C42421759157800024FE7 /* lzio.c */,
				077C42431759157800024FE7 /* lzio.h */,
				077C42441759157800024FE7 /* print.c */,
			);
			path = lua;
			sourceTree = "<group>";
		};
		077C42451759157800024FE7 /* luajit */ = {
			isa = PBXGroup;
			children = (
				077C42511759157800024FE7 /* include */,
				077C42561759157800024FE7 /* ios */,
			);
			path = luajit;
			sourceTree = "<group>";
		};
		077C42511759157800024FE7 /* include */ = {
			isa = PBXGroup;
			children = (
				077C42521759157800024FE7 /* lauxlib.h */,
				077C42531759157800024FE7 /* lua.h */,
				077C42541759157800024FE7 /* luaconf.h */,
				077C42551759157800024FE7 /* lualib.h */,
			);
			path = include;
			sourceTree = "<group>";
		};
		077C42561759157800024FE7 /* ios */ = {
			isa = PBXGroup;
			children = (
				077C42571759157800024FE7 /* libluajit.a */,
			);
			path = ios;
			sourceTree = "<group>";
		};
		077C43341759157900024FE7 /* tolua */ = {
			isa = PBXGroup;
			children = (
				077C43351759157900024FE7 /* tolua++.h */,
				077C43361759157900024FE7 /* tolua_event.c */,
				077C43371759157900024FE7 /* tolua_event.h */,
				077C43381759157900024FE7 /* tolua_is.c */,
				077C43391759157900024FE7 /* tolua_map.c */,
				077C433A1759157900024FE7 /* tolua_push.c */,
				077C433B1759157900024FE7 /* tolua_to.c */,
			);
			path = tolua;
			sourceTree = "<group>";
		};
		19C28FACFE9D520D11CA2CBB /* Products */ = {
			isa = PBXGroup;
			children = (
				1D6058910D05DD3D006BFB54 /* TactiX.app */,
			);
			name = Products;
			sourceTree = "<group>";
		};
		29B97314FDCFA39411CA2CEA /* CustomTemplate */ = {
			isa = PBXGroup;
			children = (
				077C41321759101600024FE7 /* cocos2dx.xcodeproj */,
				BF23D4E2143315EB00657E08 /* Classes */,
				077C41461759151A00024FE7 /* CocosDenshion */,
				077C41FA1759157800024FE7 /* lua */,
				29B97323FDCFA39411CA2CEA /* Frameworks */,
				BF5681CC1313A84D0055EEAC /* ios */,
				19C28FACFE9D520D11CA2CBB /* Products */,
				784521C214EBA449009D533B /* iOS */,
				073DC5011764C3E7003615A6 /* Resources */,
			);
			name = CustomTemplate;
			sourceTree = "<group>";
		};
		29B97323FDCFA39411CA2CEA /* Frameworks */ = {
			isa = PBXGroup;
			children = (
				BF492B6912891AC600A09262 /* libz.dylib */,
				BF137426128A8E4600D9F789 /* QuartzCore.framework */,
				BF492D4B1289302400A09262 /* OpenGLES.framework */,
				BF492C21128924A800A09262 /* libxml2.dylib */,
				1DF5F4DF0D08C38300B7A737 /* UIKit.framework */,
				1D30AB110D05D00D00671497 /* Foundation.framework */,
				288765A40DF7441C002DB57D /* CoreGraphics.framework */,
				781C33B11547F06B00633F88 /* OpenAL.framework */,
				781C33B31547F06B00633F88 /* AudioToolbox.framework */,
				781C33B51547F06B00633F88 /* AVFoundation.framework */,
			);
			name = Frameworks;
			sourceTree = "<group>";
		};
		784521C214EBA449009D533B /* iOS */ = {
			isa = PBXGroup;
			children = (
				D4EF94ED15BD319D00D803EB /* Icon-144.png */,
				D4EF94EB15BD319B00D803EB /* Icon-72.png */,
				D4EF94E915BD319500D803EB /* Icon-114.png */,
				D4EF94E715BD319200D803EB /* Icon-57.png */,
				D446FD7C161028F4000ADA7B /* Default-568h@2x.png */,
				D446FD7A161028ED000ADA7B /* Default@2x.png */,
				D446FD78161028E9000ADA7B /* Default.png */,
				077C41381759105700024FE7 /* TactiX-Info.plist */,
			);
			name = iOS;
			path = ../Resources;
			sourceTree = "<group>";
		};
		BF23D4E2143315EB00657E08 /* Classes */ = {
			isa = PBXGroup;
			children = (
				073DC4F717648737003615A6 /* Lua */,
				BF23D4E3143315EB00657E08 /* AppDelegate.cpp */,
				BF23D4E4143315EB00657E08 /* AppDelegate.h */,
			);
			name = Classes;
			path = ../Classes;
			sourceTree = SOURCE_ROOT;
		};
		BF5681CC1313A84D0055EEAC /* ios */ = {
			isa = PBXGroup;
			children = (
				D4ABB4B213B4395300552E6E /* main.m */,
				BF365AA612A103F70050DCF4 /* AppController.h */,
				BF365AA712A103F70050DCF4 /* AppController.mm */,
				BF4DE6AB138BB89600CF907D /* RootViewController.h */,
				BF4DE6AC138BB89600CF907D /* RootViewController.mm */,
			);
			name = ios;
			sourceTree = "<group>";
		};
/* End PBXGroup section */

/* Begin PBXNativeTarget section */
		1D6058900D05DD3D006BFB54 /* TactiX */ = {
			isa = PBXNativeTarget;
			buildConfigurationList = 1D6058960D05DD3E006BFB54 /* Build configuration list for PBXNativeTarget "TactiX" */;
			buildPhases = (
				1D60588D0D05DD3D006BFB54 /* Resources */,
				1D60588E0D05DD3D006BFB54 /* Sources */,
				1D60588F0D05DD3D006BFB54 /* Frameworks */,
			);
			buildRules = (
			);
			dependencies = (
			);
			name = TactiX;
			productName = HelloWorld;
			productReference = 1D6058910D05DD3D006BFB54 /* TactiX.app */;
			productType = "com.apple.product-type.application";
		};
/* End PBXNativeTarget section */

/* Begin PBXProject section */
		29B97313FDCFA39411CA2CEA /* Project object */ = {
			isa = PBXProject;
			attributes = {
				LastUpgradeCheck = 0450;
			};
			buildConfigurationList = C01FCF4E08A954540054247B /* Build configuration list for PBXProject "TactiX" */;
			compatibilityVersion = "Xcode 3.2";
			developmentRegion = English;
			hasScannedForEncodings = 1;
			knownRegions = (
				English,
				Japanese,
				French,
				German,
			);
			mainGroup = 29B97314FDCFA39411CA2CEA /* CustomTemplate */;
			projectDirPath = "";
			projectReferences = (
				{
					ProductGroup = 077C41331759101600024FE7 /* Products */;
					ProjectRef = 077C41321759101600024FE7 /* cocos2dx.xcodeproj */;
				},
			);
			projectRoot = "";
			targets = (
				1D6058900D05DD3D006BFB54 /* TactiX */,
			);
		};
/* End PBXProject section */

/* Begin PBXReferenceProxy section */
		077C41371759101600024FE7 /* libcocos2dx.a */ = {
			isa = PBXReferenceProxy;
			fileType = archive.ar;
			path = libcocos2dx.a;
			remoteRef = 077C41361759101600024FE7 /* PBXContainerItemProxy */;
			sourceTree = BUILT_PRODUCTS_DIR;
		};
/* End PBXReferenceProxy section */

/* Begin PBXResourcesBuildPhase section */
		1D60588D0D05DD3D006BFB54 /* Resources */ = {
			isa = PBXResourcesBuildPhase;
			buildActionMask = 2147483647;
			files = (
				D4EF94E815BD319200D803EB /* Icon-57.png in Resources */,
				D4EF94EA15BD319500D803EB /* Icon-114.png in Resources */,
				D4EF94EC15BD319B00D803EB /* Icon-72.png in Resources */,
				D4EF94EE15BD319D00D803EB /* Icon-144.png in Resources */,
				D446FD79161028E9000ADA7B /* Default.png in Resources */,
				D446FD7B161028ED000ADA7B /* Default@2x.png in Resources */,
				D446FD7D161028F4000ADA7B /* Default-568h@2x.png in Resources */,
				077C41391759105700024FE7 /* TactiX-Info.plist in Resources */,
				073DC5161764C3E7003615A6 /* crop.png in Resources */,
				073DC5171764C3E7003615A6 /* dog.png in Resources */,
				073DC5181764C3E7003615A6 /* farm.jpg in Resources */,
				073DC5191764C3E7003615A6 /* land.png in Resources */,
				073DC51A1764C3E7003615A6 /* menu1.png in Resources */,
				073DC51B1764C3E7003615A6 /* menu2.png in Resources */,
				073DC51C1764C3E7003615A6 /* desert.tsx in Resources */,
				073DC51D1764C3E7003615A6 /* sample.tmx in Resources */,
				073DC51E1764C3E7003615A6 /* tmw_desert_spacing.png in Resources */,
				073DC51F1764C3E7003615A6 /* background.mp3 in Resources */,
				073DC5201764C3E7003615A6 /* background.ogg in Resources */,
				073DC5211764C3E7003615A6 /* hello.lua in Resources */,
				073DC5221764C3E7003615A6 /* hello2.lua in Resources */,
				073DC5231764C3E7003615A6 /* title.lua in Resources */,
				073DC5241764C3E7003615A6 /* effect1.wav in Resources */,
			);
			runOnlyForDeploymentPostprocessing = 0;
		};
/* End PBXResourcesBuildPhase section */

/* Begin PBXSourcesBuildPhase section */
		1D60588E0D05DD3D006BFB54 /* Sources */ = {
			isa = PBXSourcesBuildPhase;
			buildActionMask = 2147483647;
			files = (
				073DC5001764BCE0003615A6 /* LuaObject.cpp in Sources */,
				BF365AA812A103F70050DCF4 /* AppController.mm in Sources */,
				BF4DE6AD138BB89600CF907D /* RootViewController.mm in Sources */,
				D4ABB4B313B4395300552E6E /* main.m in Sources */,
				BF23D4E7143315EB00657E08 /* AppDelegate.cpp in Sources */,
				077C41CD1759151A00024FE7 /* CDAudioManager.m in Sources */,
				077C41CE1759151A00024FE7 /* CDOpenALSupport.m in Sources */,
				077C41CF1759151A00024FE7 /* CocosDenshion.m in Sources */,
				077C41D01759151A00024FE7 /* SimpleAudioEngine.mm in Sources */,
				077C41D11759151A00024FE7 /* SimpleAudioEngine_objc.m in Sources */,
				077C433C1759157900024FE7 /* CCLuaBridge.cpp in Sources */,
				077C433D1759157900024FE7 /* CCLuaEngine.cpp in Sources */,
				077C433E1759157900024FE7 /* CCLuaStack.cpp in Sources */,
				077C433F1759157900024FE7 /* CCLuaValue.cpp in Sources */,
				077C43401759157900024FE7 /* Cocos2dxLuaLoader.cpp in Sources */,
				077C43411759157900024FE7 /* LuaCocos2d.cpp in Sources */,
				077C43421759157900024FE7 /* CCLuaObjcBridge.mm in Sources */,
				077C43431759157900024FE7 /* tolua_fix.c in Sources */,
				077C43441759157900024FE7 /* lapi.c in Sources */,
				077C43451759157900024FE7 /* lauxlib.c in Sources */,
				077C43461759157900024FE7 /* lbaselib.c in Sources */,
				077C43471759157900024FE7 /* lcode.c in Sources */,
				077C43481759157900024FE7 /* ldblib.c in Sources */,
				077C43491759157900024FE7 /* ldebug.c in Sources */,
				077C434A1759157900024FE7 /* ldo.c in Sources */,
				077C434B1759157900024FE7 /* ldump.c in Sources */,
				077C434C1759157900024FE7 /* lfunc.c in Sources */,
				077C434D1759157900024FE7 /* lgc.c in Sources */,
				077C434E1759157900024FE7 /* linit.c in Sources */,
				077C434F1759157900024FE7 /* liolib.c in Sources */,
				077C43501759157900024FE7 /* llex.c in Sources */,
				077C43511759157900024FE7 /* lmathlib.c in Sources */,
				077C43521759157900024FE7 /* lmem.c in Sources */,
				077C43531759157900024FE7 /* loadlib.c in Sources */,
				077C43541759157900024FE7 /* lobject.c in Sources */,
				077C43551759157900024FE7 /* lopcodes.c in Sources */,
				077C43561759157900024FE7 /* loslib.c in Sources */,
				077C43571759157900024FE7 /* lparser.c in Sources */,
				077C43581759157900024FE7 /* lstate.c in Sources */,
				077C43591759157900024FE7 /* lstring.c in Sources */,
				077C435A1759157900024FE7 /* lstrlib.c in Sources */,
				077C435B1759157900024FE7 /* ltable.c in Sources */,
				077C435C1759157900024FE7 /* ltablib.c in Sources */,
				077C435D1759157900024FE7 /* ltm.c in Sources */,
				077C435E1759157900024FE7 /* lua.c in Sources */,
				077C435F1759157900024FE7 /* lundump.c in Sources */,
				077C43601759157900024FE7 /* lvm.c in Sources */,
				077C43611759157900024FE7 /* lzio.c in Sources */,
				077C43621759157900024FE7 /* print.c in Sources */,
				077C43F01759157A00024FE7 /* tolua_event.c in Sources */,
				077C43F11759157A00024FE7 /* tolua_is.c in Sources */,
				077C43F21759157A00024FE7 /* tolua_map.c in Sources */,
				077C43F31759157A00024FE7 /* tolua_push.c in Sources */,
				077C43F41759157A00024FE7 /* tolua_to.c in Sources */,
				073DC4FD1764AA14003615A6 /* LuaScene.cpp in Sources */,
			);
			runOnlyForDeploymentPostprocessing = 0;
		};
/* End PBXSourcesBuildPhase section */

/* Begin XCBuildConfiguration section */
		1D6058940D05DD3E006BFB54 /* Debug */ = {
			isa = XCBuildConfiguration;
			buildSettings = {
				ALWAYS_SEARCH_USER_PATHS = NO;
				ARCHS = "$(ARCHS_STANDARD_32_BIT)";
				CODE_SIGN_IDENTITY = "iPhone Developer";
				COPY_PHASE_STRIP = NO;
				GCC_DYNAMIC_NO_PIC = NO;
				GCC_INLINES_ARE_PRIVATE_EXTERN = NO;
				GCC_OPTIMIZATION_LEVEL = 0;
				GCC_PRECOMPILE_PREFIX_HEADER = YES;
				GCC_PREFIX_HEADER = TactiX_Prefix.pch;
				GCC_PREPROCESSOR_DEFINITIONS = (
					USE_FILE32API,
					CC_TARGET_OS_IPHONE,
					"COCOS2D_DEBUG=1",
				);
				GCC_PREPROCESSOR_DEFINITIONS_NOT_USED_IN_PRECOMPS = "";
				GCC_SYMBOLS_PRIVATE_EXTERN = NO;
				GCC_VERSION = "";
				HEADER_SEARCH_PATHS = (
					"\"$(SDKROOT)/usr/include/libxml2/\"",
					"\"$(SRCROOT)/../../libs/cocos2dx/include\"",
					"\"$(SRCROOT)/../../libs/cocos2dx\"",
					"\"$(SRCROOT)/../../libs/cocos2dx/platform/ios\"",
					"\"$(SRCROOT)/../../libs/cocos2dx/kazmath/include\"",
					"$(SRCROOT)/../../libs/external/chipmunk/include/chipmunk",
					/usr/local/include,
				);
				INFOPLIST_FILE = "$(SRCROOT)/TactiX-Info.plist";
				IPHONEOS_DEPLOYMENT_TARGET = 4.0;
				LIBRARY_SEARCH_PATHS = (
					"$(inherited)",
					"\"$(SRCROOT)/../../libs/lua/luajit/ios\"",
					"\"$(SRCROOT)/../../libs/cocos2dx/platform/third_party/ios/libraries\"",
				);
				PRODUCT_NAME = TactiX;
				PROVISIONING_PROFILE = "";
				SDKROOT = iphoneos;
				TARGETED_DEVICE_FAMILY = "1,2";
				VALID_ARCHS = "armv6 armv7 i386";
			};
			name = Debug;
		};
		1D6058950D05DD3E006BFB54 /* Release */ = {
			isa = XCBuildConfiguration;
			buildSettings = {
				ALWAYS_SEARCH_USER_PATHS = NO;
				ARCHS = "$(ARCHS_STANDARD_32_BIT)";
				CODE_SIGN_IDENTITY = "iPhone Developer";
				COPY_PHASE_STRIP = YES;
				GCC_INLINES_ARE_PRIVATE_EXTERN = NO;
				GCC_PRECOMPILE_PREFIX_HEADER = YES;
				GCC_PREFIX_HEADER = TactiX_Prefix.pch;
				GCC_PREPROCESSOR_DEFINITIONS = (
					USE_FILE32API,
					CC_TARGET_OS_IPHONE,
				);
				GCC_PREPROCESSOR_DEFINITIONS_NOT_USED_IN_PRECOMPS = "";
				GCC_SYMBOLS_PRIVATE_EXTERN = NO;
				GCC_VERSION = "";
				HEADER_SEARCH_PATHS = (
					"\"$(SDKROOT)/usr/include/libxml2/\"",
					"\"$(SRCROOT)/../../libs/cocos2dx/include\"",
					"\"$(SRCROOT)/../../libs/cocos2dx\"",
					"\"$(SRCROOT)/../../libs/cocos2dx/platform/ios\"",
					"\"$(SRCROOT)/../../libs/cocos2dx/kazmath/include\"",
					"$(SRCROOT)/../../libs/external/chipmunk/include/chipmunk",
					/usr/local/include,
				);
				INFOPLIST_FILE = "$(SRCROOT)/TactiX-Info.plist";
				IPHONEOS_DEPLOYMENT_TARGET = 4.0;
				LIBRARY_SEARCH_PATHS = (
					"$(inherited)",
					"\"$(SRCROOT)/../../libs/lua/luajit/ios\"",
					"\"$(SRCROOT)/../../libs/cocos2dx/platform/third_party/ios/libraries\"",
				);
				PRODUCT_NAME = TactiX;
				PROVISIONING_PROFILE = "";
				SDKROOT = iphoneos;
				TARGETED_DEVICE_FAMILY = "1,2";
				VALIDATE_PRODUCT = YES;
				VALID_ARCHS = "armv6 armv7 i386";
			};
			name = Release;
		};
		C01FCF4F08A954540054247B /* Debug */ = {
			isa = XCBuildConfiguration;
			buildSettings = {
				ARCHS = "$(ARCHS_STANDARD_32_BIT)";
				"CODE_SIGN_IDENTITY[sdk=iphoneos*]" = "iPhone Developer";
				GCC_C_LANGUAGE_STANDARD = c99;
				GCC_VERSION = "";
				GCC_WARN_ABOUT_RETURN_TYPE = YES;
				GCC_WARN_UNUSED_VARIABLE = YES;
				SDKROOT = iphoneos;
				VALID_ARCHS = "armv6 armv7 i386";
			};
			name = Debug;
		};
		C01FCF5008A954540054247B /* Release */ = {
			isa = XCBuildConfiguration;
			buildSettings = {
				ARCHS = "$(ARCHS_STANDARD_32_BIT)";
				"CODE_SIGN_IDENTITY[sdk=iphoneos*]" = "iPhone Developer";
				GCC_C_LANGUAGE_STANDARD = c99;
				GCC_VERSION = "";
				GCC_WARN_ABOUT_RETURN_TYPE = YES;
				GCC_WARN_UNUSED_VARIABLE = YES;
				OTHER_CFLAGS = "-DNS_BLOCK_ASSERTIONS=1";
				SDKROOT = iphoneos;
				VALID_ARCHS = "armv6 armv7 i386";
			};
			name = Release;
		};
/* End XCBuildConfiguration section */

/* Begin XCConfigurationList section */
		1D6058960D05DD3E006BFB54 /* Build configuration list for PBXNativeTarget "TactiX" */ = {
			isa = XCConfigurationList;
			buildConfigurations = (
				1D6058940D05DD3E006BFB54 /* Debug */,
				1D6058950D05DD3E006BFB54 /* Release */,
			);
			defaultConfigurationIsVisible = 0;
			defaultConfigurationName = Release;
		};
		C01FCF4E08A954540054247B /* Build configuration list for PBXProject "TactiX" */ = {
			isa = XCConfigurationList;
			buildConfigurations = (
				C01FCF4F08A954540054247B /* Debug */,
				C01FCF5008A954540054247B /* Release */,
			);
			defaultConfigurationIsVisible = 0;
			defaultConfigurationName = Release;
		};
/* End XCConfigurationList section */
	};
	rootObject = 29B97313FDCFA39411CA2CEA /* Project object */;
}
